
Microsoft Visual Studio Solution File, Format Version 12.00
Project("{2150E333-8FDC-42A3-9474-1A3956D46DE8}") = "src", "src", "{483F5383-2CD3-4E23-9A3C-05FAE95C62AE}"
EndProject
Project("{FAE04EC0-301F-11D3-BF4B-00C04F79EFBC}") = "ParcelTracker.API", "src\ParcelTracker.API\ParcelTracker.API.csproj", "{5F161BE2-EBCB-42CC-9634-966FD8854C8E}"
EndProject
Project("{FAE04EC0-301F-11D3-BF4B-00C04F79EFBC}") = "ParcelTracker.Core", "src\ParcelTracker.Core\ParcelTracker.Core.csproj", "{9F8469D9-D59A-42A2-84AE-365A2B78BE6C}"
EndProject
Project("{FAE04EC0-301F-11D3-BF4B-00C04F79EFBC}") = "ParcelTracker.Application", "src\ParcelTracker.Application\ParcelTracker.Application.csproj", "{57487EA8-B9B7-474E-83A2-D465A6771061}"
EndProject
Project("{FAE04EC0-301F-11D3-BF4B-00C04F79EFBC}") = "ParcelTracker.Infrastructure", "src\ParcelTracker.Infrastructure\ParcelTracker.Infrastructure.csproj", "{3DF4B742-505B-4FEA-9B8C-223895438782}"
EndProject
Project("{2150E333-8FDC-42A3-9474-1A3956D46DE8}") = "tests", "tests", "{B061F16D-5D4E-4BA4-BC33-223FF03810A4}"
EndProject
Project("{FAE04EC0-301F-11D3-BF4B-00C04F79EFBC}") = "ParcelTracker.Common", "src\ParcelTracker.Common\ParcelTracker.Common.csproj", "{30EF56C7-3EC3-4E57-A8A9-B89B79E0CCC3}"
EndProject
Project("{FAE04EC0-301F-11D3-BF4B-00C04F79EFBC}") = "ParcelTracker.Tests", "ParcelTracker.Tests\ParcelTracker.Tests.csproj", "{302FA53A-D96A-4BDA-AB09-C4E1D144204A}"
EndProject
Global
	GlobalSection(SolutionConfigurationPlatforms) = preSolution
		Debug|Any CPU = Debug|Any CPU
		Release|Any CPU = Release|Any CPU
	EndGlobalSection
	GlobalSection(ProjectConfigurationPlatforms) = postSolution
		{5F161BE2-EBCB-42CC-9634-966FD8854C8E}.Debug|Any CPU.ActiveCfg = Debug|Any CPU
		{5F161BE2-EBCB-42CC-9634-966FD8854C8E}.Debug|Any CPU.Build.0 = Debug|Any CPU
		{5F161BE2-EBCB-42CC-9634-966FD8854C8E}.Release|Any CPU.ActiveCfg = Release|Any CPU
		{5F161BE2-EBCB-42CC-9634-966FD8854C8E}.Release|Any CPU.Build.0 = Release|Any CPU
		{9F8469D9-D59A-42A2-84AE-365A2B78BE6C}.Debug|Any CPU.ActiveCfg = Debug|Any CPU
		{9F8469D9-D59A-42A2-84AE-365A2B78BE6C}.Debug|Any CPU.Build.0 = Debug|Any CPU
		{9F8469D9-D59A-42A2-84AE-365A2B78BE6C}.Release|Any CPU.ActiveCfg = Release|Any CPU
		{9F8469D9-D59A-42A2-84AE-365A2B78BE6C}.Release|Any CPU.Build.0 = Release|Any CPU
		{57487EA8-B9B7-474E-83A2-D465A6771061}.Debug|Any CPU.ActiveCfg = Debug|Any CPU
		{57487EA8-B9B7-474E-83A2-D465A6771061}.Debug|Any CPU.Build.0 = Debug|Any CPU
		{57487EA8-B9B7-474E-83A2-D465A6771061}.Release|Any CPU.ActiveCfg = Release|Any CPU
		{57487EA8-B9B7-474E-83A2-D465A6771061}.Release|Any CPU.Build.0 = Release|Any CPU
		{3DF4B742-505B-4FEA-9B8C-223895438782}.Debug|Any CPU.ActiveCfg = Debug|Any CPU
		{3DF4B742-505B-4FEA-9B8C-223895438782}.Debug|Any CPU.Build.0 = Debug|Any CPU
		{3DF4B742-505B-4FEA-9B8C-223895438782}.Release|Any CPU.ActiveCfg = Release|Any CPU
		{3DF4B742-505B-4FEA-9B8C-223895438782}.Release|Any CPU.Build.0 = Release|Any CPU
		{30EF56C7-3EC3-4E57-A8A9-B89B79E0CCC3}.Debug|Any CPU.ActiveCfg = Debug|Any CPU
		{30EF56C7-3EC3-4E57-A8A9-B89B79E0CCC3}.Debug|Any CPU.Build.0 = Debug|Any CPU
		{30EF56C7-3EC3-4E57-A8A9-B89B79E0CCC3}.Release|Any CPU.ActiveCfg = Release|Any CPU
		{30EF56C7-3EC3-4E57-A8A9-B89B79E0CCC3}.Release|Any CPU.Build.0 = Release|Any CPU
		{302FA53A-D96A-4BDA-AB09-C4E1D144204A}.Debug|Any CPU.ActiveCfg = Debug|Any CPU
		{302FA53A-D96A-4BDA-AB09-C4E1D144204A}.Debug|Any CPU.Build.0 = Debug|Any CPU
		{302FA53A-D96A-4BDA-AB09-C4E1D144204A}.Release|Any CPU.ActiveCfg = Release|Any CPU
		{302FA53A-D96A-4BDA-AB09-C4E1D144204A}.Release|Any CPU.Build.0 = Release|Any CPU
	EndGlobalSection
	GlobalSection(NestedProjects) = preSolution
		{5F161BE2-EBCB-42CC-9634-966FD8854C8E} = {483F5383-2CD3-4E23-9A3C-05FAE95C62AE}
		{9F8469D9-D59A-42A2-84AE-365A2B78BE6C} = {483F5383-2CD3-4E23-9A3C-05FAE95C62AE}
		{57487EA8-B9B7-474E-83A2-D465A6771061} = {483F5383-2CD3-4E23-9A3C-05FAE95C62AE}
		{3DF4B742-505B-4FEA-9B8C-223895438782} = {483F5383-2CD3-4E23-9A3C-05FAE95C62AE}
		{30EF56C7-3EC3-4E57-A8A9-B89B79E0CCC3} = {483F5383-2CD3-4E23-9A3C-05FAE95C62AE}
		{302FA53A-D96A-4BDA-AB09-C4E1D144204A} = {B061F16D-5D4E-4BA4-BC33-223FF03810A4}
	EndGlobalSection
EndGlobal
